github.com/uhppoted/uhppoted-lib-go v0.0.0-20251006172654-b2262c96f3c4 h1:y9s2h0rh5R27ZAM192EeoxQbjoUY4W58PxTHldQnmUw=
github.com/uhppoted/uhppoted-lib-go v0.0.0-20251006172654-b2262c96f3c4/go.mod h1:ACawkJGf91J9cdwD2h1XWocPLy1z3nLJ992jBuXx4cA=
github.com/uhppoted/uhppoted-lib-go v0.0.0-20251008174410-a5bcc345b253 h1:l8UUWN28VQZNf2JTxRHB07h6fsZiZx386m2S9s2V0PQ=
github.com/uhppoted/uhppoted-lib-go v0.0.0-20251008174410-a5bcc345b253/go.mod h1:AVjNX5tb7D1291vvvA/UPgUIPkH+5wAsFGa2X52h3kg=
